// !$*UTF8*$!
{
	archiveVersion = 1;
	classes = {
	};
	objectVersion = 56;
	objects = {

/* Begin PBXBuildFile section */
		648322822ADCA74500AB8CB1 /* MediaManagerApp.swift in Sources */ = {isa = PBXBuildFile; fileRef = 648322812ADCA74500AB8CB1 /* MediaManagerApp.swift */; };
		648322862ADCA74800AB8CB1 /* Assets.xcassets in Resources */ = {isa = PBXBuildFile; fileRef = 648322852ADCA74800AB8CB1 /* Assets.xcassets */; };
		648322892ADCA74800AB8CB1 /* Preview Assets.xcassets in Resources */ = {isa = PBXBuildFile; fileRef = 648322882ADCA74800AB8CB1 /* Preview Assets.xcassets */; };
		648322932ADCA74800AB8CB1 /* MediaManagerTests.swift in Sources */ = {isa = PBXBuildFile; fileRef = 648322922ADCA74800AB8CB1 /* MediaManagerTests.swift */; };
		6483229D2ADCA74800AB8CB1 /* MediaManagerUITests.swift in Sources */ = {isa = PBXBuildFile; fileRef = 6483229C2ADCA74800AB8CB1 /* MediaManagerUITests.swift */; };
		6483229F2ADCA74800AB8CB1 /* MediaManagerUITestsLaunchTests.swift in Sources */ = {isa = PBXBuildFile; fileRef = 6483229E2ADCA74800AB8CB1 /* MediaManagerUITestsLaunchTests.swift */; };
		648322AE2ADCA9E700AB8CB1 /* ContentView.swift in Sources */ = {isa = PBXBuildFile; fileRef = 648322AD2ADCA9E700AB8CB1 /* ContentView.swift */; };
		648322B02ADCB09100AB8CB1 /* ManagerView.swift in Sources */ = {isa = PBXBuildFile; fileRef = 648322AF2ADCB09100AB8CB1 /* ManagerView.swift */; };
		649A9B372AE0E8C6007D2A48 /* MediaDashboard.swift in Sources */ = {isa = PBXBuildFile; fileRef = 649A9B362AE0E8C6007D2A48 /* MediaDashboard.swift */; };
		649A9B392AE0E906007D2A48 /* SettingsView.swift in Sources */ = {isa = PBXBuildFile; fileRef = 649A9B382AE0E906007D2A48 /* SettingsView.swift */; };
/* End PBXBuildFile section */

/* Begin PBXContainerItemProxy section */
		6483228F2ADCA74800AB8CB1 /* PBXContainerItemProxy */ = {
			isa = PBXContainerItemProxy;
			containerPortal = 648322762ADCA74500AB8CB1 /* Project object */;
			proxyType = 1;
			remoteGlobalIDString = 6483227D2ADCA74500AB8CB1;
			remoteInfo = MediaManager;
		};
		648322992ADCA74800AB8CB1 /* PBXContainerItemProxy */ = {
			isa = PBXContainerItemProxy;
			containerPortal = 648322762ADCA74500AB8CB1 /* Project object */;
			proxyType = 1;
			remoteGlobalIDString = 6483227D2ADCA74500AB8CB1;
			remoteInfo = MediaManager;
		};
/* End PBXContainerItemProxy section */

/* Begin PBXFileReference section */
		6483227E2ADCA74500AB8CB1 /* MediaManager.app */ = {isa = PBXFileReference; explicitFileType = wrapper.application; includeInIndex = 0; path = MediaManager.app; sourceTree = BUILT_PRODUCTS_DIR; };
		648322812ADCA74500AB8CB1 /* MediaManagerApp.swift */ = {isa = PBXFileReference; lastKnownFileType = sourcecode.swift; path = MediaManagerApp.swift; sourceTree = "<group>"; };
		648322852ADCA74800AB8CB1 /* Assets.xcassets */ = {isa = PBXFileReference; lastKnownFileType = folder.assetcatalog; path = Assets.xcassets; sourceTree = "<group>"; };
		648322882ADCA74800AB8CB1 /* Preview Assets.xcassets */ = {isa = PBXFileReference; lastKnownFileType = folder.assetcatalog; path = "Preview Assets.xcassets"; sourceTree = "<group>"; };
		6483228E2ADCA74800AB8CB1 /* MediaManagerTests.xctest */ = {isa = PBXFileReference; explicitFileType = wrapper.cfbundle; includeInIndex = 0; path = MediaManagerTests.xctest; sourceTree = BUILT_PRODUCTS_DIR; };
		648322922ADCA74800AB8CB1 /* MediaManagerTests.swift */ = {isa = PBXFileReference; lastKnownFileType = sourcecode.swift; path = MediaManagerTests.swift; sourceTree = "<group>"; };
		648322982ADCA74800AB8CB1 /* MediaManagerUITests.xctest */ = {isa = PBXFileReference; explicitFileType = wrapper.cfbundle; includeInIndex = 0; path = MediaManagerUITests.xctest; sourceTree = BUILT_PRODUCTS_DIR; };
		6483229C2ADCA74800AB8CB1 /* MediaManagerUITests.swift */ = {isa = PBXFileReference; lastKnownFileType = sourcecode.swift; path = MediaManagerUITests.swift; sourceTree = "<group>"; };
		6483229E2ADCA74800AB8CB1 /* MediaManagerUITestsLaunchTests.swift */ = {isa = PBXFileReference; lastKnownFileType = sourcecode.swift; path = MediaManagerUITestsLaunchTests.swift; sourceTree = "<group>"; };
		648322AD2ADCA9E700AB8CB1 /* ContentView.swift */ = {isa = PBXFileReference; lastKnownFileType = sourcecode.swift; path = ContentView.swift; sourceTree = "<group>"; };
		648322AF2ADCB09100AB8CB1 /* ManagerView.swift */ = {isa = PBXFileReference; lastKnownFileType = sourcecode.swift; path = ManagerView.swift; sourceTree = "<group>"; };
		649A9B362AE0E8C6007D2A48 /* MediaDashboard.swift */ = {isa = PBXFileReference; lastKnownFileType = sourcecode.swift; path = MediaDashboard.swift; sourceTree = "<group>"; };
		649A9B382AE0E906007D2A48 /* SettingsView.swift */ = {isa = PBXFileReference; lastKnownFileType = sourcecode.swift; path = SettingsView.swift; sourceTree = "<group>"; };
/* End PBXFileReference section */

/* Begin PBXFrameworksBuildPhase section */
		6483227B2ADCA74500AB8CB1 /* Frameworks */ = {
			isa = PBXFrameworksBuildPhase;
			buildActionMask = 2147483647;
			files = (
			);
			runOnlyForDeploymentPostprocessing = 0;
		};
		6483228B2ADCA74800AB8CB1 /* Frameworks */ = {
			isa = PBXFrameworksBuildPhase;
			buildActionMask = 2147483647;
			files = (
			);
			runOnlyForDeploymentPostprocessing = 0;
		};
		648322952ADCA74800AB8CB1 /* Frameworks */ = {
			isa = PBXFrameworksBuildPhase;
			buildActionMask = 2147483647;
			files = (
			);
			runOnlyForDeploymentPostprocessing = 0;
		};
/* End PBXFrameworksBuildPhase section */

/* Begin PBXGroup section */
		648322752ADCA74500AB8CB1 = {
			isa = PBXGroup;
			children = (
				648322802ADCA74500AB8CB1 /* MediaManager */,
				648322912ADCA74800AB8CB1 /* MediaManagerTests */,
				6483229B2ADCA74800AB8CB1 /* MediaManagerUITests */,
				6483227F2ADCA74500AB8CB1 /* Products */,
			);
			sourceTree = "<group>";
		};
		6483227F2ADCA74500AB8CB1 /* Products */ = {
			isa = PBXGroup;
			children = (
				6483227E2ADCA74500AB8CB1 /* MediaManager.app */,
				6483228E2ADCA74800AB8CB1 /* MediaManagerTests.xctest */,
				648322982ADCA74800AB8CB1 /* MediaManagerUITests.xctest */,
			);
			name = Products;
			sourceTree = "<group>";
		};
		648322802ADCA74500AB8CB1 /* MediaManager */ = {
			isa = PBXGroup;
			children = (
				648322812ADCA74500AB8CB1 /* MediaManagerApp.swift */,
				648322852ADCA74800AB8CB1 /* Assets.xcassets */,
				648322AD2ADCA9E700AB8CB1 /* ContentView.swift */,
				648322872ADCA74800AB8CB1 /* Preview Content */,
				648322AF2ADCB09100AB8CB1 /* ManagerView.swift */,
				649A9B362AE0E8C6007D2A48 /* MediaDashboard.swift */,
				649A9B382AE0E906007D2A48 /* SettingsView.swift */,
			);
			path = MediaManager;
			sourceTree = "<group>";
		};
		648322872ADCA74800AB8CB1 /* Preview Content */ = {
			isa = PBXGroup;
			children = (
				648322882ADCA74800AB8CB1 /* Preview Assets.xcassets */,
			);
			path = "Preview Content";
			sourceTree = "<group>";
		};
		648322912ADCA74800AB8CB1 /* MediaManagerTests */ = {
			isa = PBXGroup;
			children = (
				648322922ADCA74800AB8CB1 /* MediaManagerTests.swift */,
			);
			path = MediaManagerTests;
			sourceTree = "<group>";
		};
		6483229B2ADCA74800AB8CB1 /* MediaManagerUITests */ = {
			isa = PBXGroup;
			children = (
				6483229C2ADCA74800AB8CB1 /* MediaManagerUITests.swift */,
				6483229E2ADCA74800AB8CB1 /* MediaManagerUITestsLaunchTests.swift */,
			);
			path = MediaManagerUITests;
			sourceTree = "<group>";
		};
/* End PBXGroup section */

/* Begin PBXNativeTarget section */
		6483227D2ADCA74500AB8CB1 /* MediaManager */ = {
			isa = PBXNativeTarget;
			buildConfigurationList = 648322A22ADCA74800AB8CB1 /* Build configuration list for PBXNativeTarget "MediaManager" */;
			buildPhases = (
				6483227A2ADCA74500AB8CB1 /* Sources */,
				6483227B2ADCA74500AB8CB1 /* Frameworks */,
				6483227C2ADCA74500AB8CB1 /* Resources */,
			);
			buildRules = (
			);
			dependencies = (
			);
			name = MediaManager;
			productName = MediaManager;
			productReference = 6483227E2ADCA74500AB8CB1 /* MediaManager.app */;
			productType = "com.apple.product-type.application";
		};
		6483228D2ADCA74800AB8CB1 /* MediaManagerTests */ = {
			isa = PBXNativeTarget;
			buildConfigurationList = 648322A52ADCA74800AB8CB1 /* Build configuration list for PBXNativeTarget "MediaManagerTests" */;
			buildPhases = (
				6483228A2ADCA74800AB8CB1 /* Sources */,
				6483228B2ADCA74800AB8CB1 /* Frameworks */,
				6483228C2ADCA74800AB8CB1 /* Resources */,
			);
			buildRules = (
			);
			dependencies = (
				648322902ADCA74800AB8CB1 /* PBXTargetDependency */,
			);
			name = MediaManagerTests;
			productName = MediaManagerTests;
			productReference = 6483228E2ADCA74800AB8CB1 /* MediaManagerTests.xctest */;
			productType = "com.apple.product-type.bundle.unit-test";
		};
		648322972ADCA74800AB8CB1 /* MediaManagerUITests */ = {
			isa = PBXNativeTarget;
			buildConfigurationList = 648322A82ADCA74800AB8CB1 /* Build configuration list for PBXNativeTarget "MediaManagerUITests" */;
			buildPhases = (
				648322942ADCA74800AB8CB1 /* Sources */,
				648322952ADCA74800AB8CB1 /* Frameworks */,
				648322962ADCA74800AB8CB1 /* Resources */,
			);
			buildRules = (
			);
			dependencies = (
				6483229A2ADCA74800AB8CB1 /* PBXTargetDependency */,
			);
			name = MediaManagerUITests;
			productName = MediaManagerUITests;
			productReference = 648322982ADCA74800AB8CB1 /* MediaManagerUITests.xctest */;
			productType = "com.apple.product-type.bundle.ui-testing";
		};
/* End PBXNativeTarget section */

/* Begin PBXProject section */
		648322762ADCA74500AB8CB1 /* Project object */ = {
			isa = PBXProject;
			attributes = {
				BuildIndependentTargetsInParallel = 1;
				LastSwiftUpdateCheck = 1420;
				LastUpgradeCheck = 1420;
				TargetAttributes = {
					6483227D2ADCA74500AB8CB1 = {
						CreatedOnToolsVersion = 14.2;
					};
					6483228D2ADCA74800AB8CB1 = {
						CreatedOnToolsVersion = 14.2;
						TestTargetID = 6483227D2ADCA74500AB8CB1;
					};
					648322972ADCA74800AB8CB1 = {
						CreatedOnToolsVersion = 14.2;
						TestTargetID = 6483227D2ADCA74500AB8CB1;
					};
				};
			};
			buildConfigurationList = 648322792ADCA74500AB8CB1 /* Build configuration list for PBXProject "MediaManager" */;
			compatibilityVersion = "Xcode 14.0";
			developmentRegion = en;
			hasScannedForEncodings = 0;
			knownRegions = (
				en,
				Base,
			);
			mainGroup = 648322752ADCA74500AB8CB1;
			productRefGroup = 6483227F2ADCA74500AB8CB1 /* Products */;
			projectDirPath = "";
			projectRoot = "";
			targets = (
				6483227D2ADCA74500AB8CB1 /* MediaManager */,
				6483228D2ADCA74800AB8CB1 /* MediaManagerTests */,
				648322972ADCA74800AB8CB1 /* MediaManagerUITests */,
			);
		};
/* End PBXProject section */

/* Begin PBXResourcesBuildPhase section */
		6483227C2ADCA74500AB8CB1 /* Resources */ = {
			isa = PBXResourcesBuildPhase;
			buildActionMask = 2147483647;
			files = (
				648322892ADCA74800AB8CB1 /* Preview Assets.xcassets in Resources */,
				648322862ADCA74800AB8CB1 /* Assets.xcassets in Resources */,
			);
			runOnlyForDeploymentPostprocessing = 0;
		};
		6483228C2ADCA74800AB8CB1 /* Resources */ = {
			isa = PBXResourcesBuildPhase;
			buildActionMask = 2147483647;
			files = (
			);
			runOnlyForDeploymentPostprocessing = 0;
		};
		648322962ADCA74800AB8CB1 /* Resources */ = {
			isa = PBXResourcesBuildPhase;
			buildActionMask = 2147483647;
			files = (
			);
			runOnlyForDeploymentPostprocessing = 0;
		};
/* End PBXResourcesBuildPhase section */

/* Begin PBXSourcesBuildPhase section */
		6483227A2ADCA74500AB8CB1 /* Sources */ = {
			isa = PBXSourcesBuildPhase;
			buildActionMask = 2147483647;
			files = (
				649A9B392AE0E906007D2A48 /* SettingsView.swift in Sources */,
				648322822ADCA74500AB8CB1 /* MediaManagerApp.swift in Sources */,
				648322AE2ADCA9E700AB8CB1 /* ContentView.swift in Sources */,
				648322B02ADCB09100AB8CB1 /* ManagerView.swift in Sources */,
				649A9B372AE0E8C6007D2A48 /* MediaDashboard.swift in Sources */,
			);
			runOnlyForDeploymentPostprocessing = 0;
		};
		6483228A2ADCA74800AB8CB1 /* Sources */ = {
			isa = PBXSourcesBuildPhase;
			buildActionMask = 2147483647;
			files = (
				648322932ADCA74800AB8CB1 /* MediaManagerTests.swift in Sources */,
			);
			runOnlyForDeploymentPostprocessing = 0;
		};
		648322942ADCA74800AB8CB1 /* Sources */ = {
			isa = PBXSourcesBuildPhase;
			buildActionMask = 2147483647;
			files = (
				6483229D2ADCA74800AB8CB1 /* MediaManagerUITests.swift in Sources */,
				6483229F2ADCA74800AB8CB1 /* MediaManagerUITestsLaunchTests.swift in Sources */,
			);
			runOnlyForDeploymentPostprocessing = 0;
		};
/* End PBXSourcesBuildPhase section */

/* Begin PBXTargetDependency section */
		648322902ADCA74800AB8CB1 /* PBXTargetDependency */ = {
			isa = PBXTargetDependency;
			target = 6483227D2ADCA74500AB8CB1 /* MediaManager */;
			targetProxy = 6483228F2ADCA74800AB8CB1 /* PBXContainerItemProxy */;
		};
		6483229A2ADCA74800AB8CB1 /* PBXTargetDependency */ = {
			isa = PBXTargetDependency;
			target = 6483227D2ADCA74500AB8CB1 /* MediaManager */;
			targetProxy = 648322992ADCA74800AB8CB1 /* PBXContainerItemProxy */;
		};
/* End PBXTargetDependency section */

/* Begin XCBuildConfiguration section */
		648322A02ADCA74800AB8CB1 /* Debug */ = {
			isa = XCBuildConfiguration;
			buildSettings = {
				ALWAYS_SEARCH_USER_PATHS = NO;
				CLANG_ANALYZER_NONNULL = YES;
				CLANG_ANALYZER_NUMBER_OBJECT_CONVERSION = YES_AGGRESSIVE;
				CLANG_CXX_LANGUAGE_STANDARD = "gnu++20";
				CLANG_ENABLE_MODULES = YES;
				CLANG_ENABLE_OBJC_ARC = YES;
				CLANG_ENABLE_OBJC_WEAK = YES;
				CLANG_WARN_BLOCK_CAPTURE_AUTORELEASING = YES;
				CLANG_WARN_BOOL_CONVERSION = YES;
				CLANG_WARN_COMMA = YES;
				CLANG_WARN_CONSTANT_CONVERSION = YES;
				CLANG_WARN_DEPRECATED_OBJC_IMPLEMENTATIONS = YES;
				CLANG_WARN_DIRECT_OBJC_ISA_USAGE = YES_ERROR;
				CLANG_WARN_DOCUMENTATION_COMMENTS = YES;
				CLANG_WARN_EMPTY_BODY = YES;
				CLANG_WARN_ENUM_CONVERSION = YES;
				CLANG_WARN_INFINITE_RECURSION = YES;
				CLANG_WARN_INT_CONVERSION = YES;
				CLANG_WARN_NON_LITERAL_NULL_CONVERSION = YES;
				CLANG_WARN_OBJC_IMPLICIT_RETAIN_SELF = YES;
				CLANG_WARN_OBJC_LITERAL_CONVERSION = YES;
				CLANG_WARN_OBJC_ROOT_CLASS = YES_ERROR;
				CLANG_WARN_QUOTED_INCLUDE_IN_FRAMEWORK_HEADER = YES;
				CLANG_WARN_RANGE_LOOP_ANALYSIS = YES;
				CLANG_WARN_STRICT_PROTOTYPES = YES;
				CLANG_WARN_SUSPICIOUS_MOVE = YES;
				CLANG_WARN_UNGUARDED_AVAILABILITY = YES_AGGRESSIVE;
				CLANG_WARN_UNREACHABLE_CODE = YES;
				CLANG_WARN__DUPLICATE_METHOD_MATCH = YES;
				COPY_PHASE_STRIP = NO;
				DEBUG_INFORMATION_FORMAT = dwarf;
				ENABLE_STRICT_OBJC_MSGSEND = YES;
				ENABLE_TESTABILITY = YES;
				GCC_C_LANGUAGE_STANDARD = gnu11;
				GCC_DYNAMIC_NO_PIC = NO;
				GCC_NO_COMMON_BLOCKS = YES;
				GCC_OPTIMIZATION_LEVEL = 0;
				GCC_PREPROCESSOR_DEFINITIONS = (
					"DEBUG=1",
					"$(inherited)",
				);
				GCC_WARN_64_TO_32_BIT_CONVERSION = YES;
				GCC_WARN_ABOUT_RETURN_TYPE = YES_ERROR;
				GCC_WARN_UNDECLARED_SELECTOR = YES;
				GCC_WARN_UNINITIALIZED_AUTOS = YES_AGGRESSIVE;
				GCC_WARN_UNUSED_FUNCTION = YES;
				GCC_WARN_UNUSED_VARIABLE = YES;
				IPHONEOS_DEPLOYMENT_TARGET = 16.2;
				MTL_ENABLE_DEBUG_INFO = INCLUDE_SOURCE;
				MTL_FAST_MATH = YES;
				ONLY_ACTIVE_ARCH = YES;
				SDKROOT = iphoneos;
				SWIFT_ACTIVE_COMPILATION_CONDITIONS = DEBUG;
				SWIFT_OPTIMIZATION_LEVEL = "-Onone";
			};
			name = Debug;
		};
		648322A12ADCA74800AB8CB1 /* Release */ = {
			isa = XCBuildConfiguration;
			buildSettings = {
				ALWAYS_SEARCH_USER_PATHS = NO;
				CLANG_ANALYZER_NONNULL = YES;
				CLANG_ANALYZER_NUMBER_OBJECT_CONVERSION = YES_AGGRESSIVE;
				CLANG_CXX_LANGUAGE_STANDARD = "gnu++20";
				CLANG_ENABLE_MODULES = YES;
				CLANG_ENABLE_OBJC_ARC = YES;
				CLANG_ENABLE_OBJC_WEAK = YES;
				CLANG_WARN_BLOCK_CAPTURE_AUTORELEASING = YES;
				CLANG_WARN_BOOL_CONVERSION = YES;
				CLANG_WARN_COMMA = YES;
				CLANG_WARN_CONSTANT_CONVERSION = YES;
				CLANG_WARN_DEPRECATED_OBJC_IMPLEMENTATIONS = YES;
				CLANG_WARN_DIRECT_OBJC_ISA_USAGE = YES_ERROR;
				CLANG_WARN_DOCUMENTATION_COMMENTS = YES;
				CLANG_WARN_EMPTY_BODY = YES;
				CLANG_WARN_ENUM_CONVERSION = YES;
				CLANG_WARN_INFINITE_RECURSION = YES;
				CLANG_WARN_INT_CONVERSION = YES;
				CLANG_WARN_NON_LITERAL_NULL_CONVERSION = YES;
				CLANG_WARN_OBJC_IMPLICIT_RETAIN_SELF = YES;
				CLANG_WARN_OBJC_LITERAL_CONVERSION = YES;
				CLANG_WARN_OBJC_ROOT_CLASS = YES_ERROR;
				CLANG_WARN_QUOTED_INCLUDE_IN_FRAMEWORK_HEADER = YES;
				CLANG_WARN_RANGE_LOOP_ANALYSIS = YES;
				CLANG_WARN_STRICT_PROTOTYPES = YES;
				CLANG_WARN_SUSPICIOUS_MOVE = YES;
				CLANG_WARN_UNGUARDED_AVAILABILITY = YES_AGGRESSIVE;
				CLANG_WARN_UNREACHABLE_CODE = YES;
				CLANG_WARN__DUPLICATE_METHOD_MATCH = YES;
				COPY_PHASE_STRIP = NO;
				DEBUG_INFORMATION_FORMAT = "dwarf-with-dsym";
				ENABLE_NS_ASSERTIONS = NO;
				ENABLE_STRICT_OBJC_MSGSEND = YES;
				GCC_C_LANGUAGE_STANDARD = gnu11;
				GCC_NO_COMMON_BLOCKS = YES;
				GCC_WARN_64_TO_32_BIT_CONVERSION = YES;
				GCC_WARN_ABOUT_RETURN_TYPE = YES_ERROR;
				GCC_WARN_UNDECLARED_SELECTOR = YES;
				GCC_WARN_UNINITIALIZED_AUTOS = YES_AGGRESSIVE;
				GCC_WARN_UNUSED_FUNCTION = YES;
				GCC_WARN_UNUSED_VARIABLE = YES;
				IPHONEOS_DEPLOYMENT_TARGET = 16.2;
				MTL_ENABLE_DEBUG_INFO = NO;
				MTL_FAST_MATH = YES;
				SDKROOT = iphoneos;
				SWIFT_COMPILATION_MODE = wholemodule;
				SWIFT_OPTIMIZATION_LEVEL = "-O";
				VALIDATE_PRODUCT = YES;
			};
			name = Release;
		};
		648322A32ADCA74800AB8CB1 /* Debug */ = {
			isa = XCBuildConfiguration;
			buildSettings = {
				ASSETCATALOG_COMPILER_APPICON_NAME = AppIcon;
				ASSETCATALOG_COMPILER_GLOBAL_ACCENT_COLOR_NAME = AccentColor;
				CODE_SIGN_STYLE = Automatic;
				CURRENT_PROJECT_VERSION = 1;
				DEVELOPMENT_ASSET_PATHS = "\"MediaManager/Preview Content\"";
				ENABLE_PREVIEWS = YES;
				GENERATE_INFOPLIST_FILE = YES;
				INFOPLIST_KEY_UIApplicationSceneManifest_Generation = YES;
				INFOPLIST_KEY_UIApplicationSupportsIndirectInputEvents = YES;
				INFOPLIST_KEY_UILaunchScreen_Generation = YES;
				INFOPLIST_KEY_UISupportedInterfaceOrientations_iPad = "UIInterfaceOrientationPortrait UIInterfaceOrientationPortraitUpsideDown UIInterfaceOrientationLandscapeLeft UIInterfaceOrientationLandscapeRight";
				INFOPLIST_KEY_UISupportedInterfaceOrientations_iPhone = "UIInterfaceOrientationPortrait UIInterfaceOrientationLandscapeLeft UIInterfaceOrientationLandscapeRight";
				LD_RUNPATH_SEARCH_PATHS = (
					"$(inherited)",
					"@executable_path/Frameworks",
				);
				MARKETING_VERSION = 1.0;
				PRODUCT_BUNDLE_IDENTIFIER = me.MediaManager;
				PRODUCT_NAME = "$(TARGET_NAME)";
				SWIFT_EMIT_LOC_STRINGS = YES;
				SWIFT_VERSION = 5.0;
				TARGETED_DEVICE_FAMILY = "1,2";
			};
			name = Debug;
		};
		648322A42ADCA74800AB8CB1 /* Release */ = {
			isa = XCBuildConfiguration;
			buildSettings = {
				ASSETCATALOG_COMPILER_APPICON_NAME = AppIcon;
				ASSETCATALOG_COMPILER_GLOBAL_ACCENT_COLOR_NAME = AccentColor;
				CODE_SIGN_STYLE = Automatic;
				CURRENT_PROJECT_VERSION = 1;
				DEVELOPMENT_ASSET_PATHS = "\"MediaManager/Preview Content\"";
				ENABLE_PREVIEWS = YES;
				GENERATE_INFOPLIST_FILE = YES;
				INFOPLIST_KEY_UIApplicationSceneManifest_Generation = YES;
				INFOPLIST_KEY_UIApplicationSupportsIndirectInputEvents = YES;
				INFOPLIST_KEY_UILaunchScreen_Generation = YES;
				INFOPLIST_KEY_UISupportedInterfaceOrientations_iPad = "UIInterfaceOrientationPortrait UIInterfaceOrientationPortraitUpsideDown UIInterfaceOrientationLandscapeLeft UIInterfaceOrientationLandscapeRight";
				INFOPLIST_KEY_UISupportedInterfaceOrientations_iPhone = "UIInterfaceOrientationPortrait UIInterfaceOrientationLandscapeLeft UIInterfaceOrientationLandscapeRight";
				LD_RUNPATH_SEARCH_PATHS = (
					"$(inherited)",
					"@executable_path/Frameworks",
				);
				MARKETING_VERSION = 1.0;
				PRODUCT_BUNDLE_IDENTIFIER = me.MediaManager;
				PRODUCT_NAME = "$(TARGET_NAME)";
				SWIFT_EMIT_LOC_STRINGS = YES;
				SWIFT_VERSION = 5.0;
				TARGETED_DEVICE_FAMILY = "1,2";
			};
			name = Release;
		};
		648322A62ADCA74800AB8CB1 /* Debug */ = {
			isa = XCBuildConfiguration;
			buildSettings = {
				ALWAYS_EMBED_SWIFT_STANDARD_LIBRARIES = YES;
				BUNDLE_LOADER = "$(TEST_HOST)";
				CODE_SIGN_STYLE = Automatic;
				CURRENT_PROJECT_VERSION = 1;
				GENERATE_INFOPLIST_FILE = YES;
				IPHONEOS_DEPLOYMENT_TARGET = 16.2;
				MARKETING_VERSION = 1.0;
				PRODUCT_BUNDLE_IDENTIFIER = me.MediaManagerTests;
				PRODUCT_NAME = "$(TARGET_NAME)";
				SWIFT_EMIT_LOC_STRINGS = NO;
				SWIFT_VERSION = 5.0;
				TARGETED_DEVICE_FAMILY = "1,2";
				TEST_HOST = "$(BUILT_PRODUCTS_DIR)/MediaManager.app/$(BUNDLE_EXECUTABLE_FOLDER_PATH)/MediaManager";
			};
			name = Debug;
		};
		648322A72ADCA74800AB8CB1 /* Release */ = {
			isa = XCBuildConfiguration;
			buildSettings = {
				ALWAYS_EMBED_SWIFT_STANDARD_LIBRARIES = YES;
				BUNDLE_LOADER = "$(TEST_HOST)";
				CODE_SIGN_STYLE = Automatic;
				CURRENT_PROJECT_VERSION = 1;
				GENERATE_INFOPLIST_FILE = YES;
				IPHONEOS_DEPLOYMENT_TARGET = 16.2;
				MARKETING_VERSION = 1.0;
				PRODUCT_BUNDLE_IDENTIFIER = me.MediaManagerTests;
				PRODUCT_NAME = "$(TARGET_NAME)";
				SWIFT_EMIT_LOC_STRINGS = NO;
				SWIFT_VERSION = 5.0;
				TARGETED_DEVICE_FAMILY = "1,2";
				TEST_HOST = "$(BUILT_PRODUCTS_DIR)/MediaManager.app/$(BUNDLE_EXECUTABLE_FOLDER_PATH)/MediaManager";
			};
			name = Release;
		};
		648322A92ADCA74800AB8CB1 /* Debug */ = {
			isa = XCBuildConfiguration;
			buildSettings = {
				ALWAYS_EMBED_SWIFT_STANDARD_LIBRARIES = YES;
				CODE_SIGN_STYLE = Automatic;
				CURRENT_PROJECT_VERSION = 1;
				GENERATE_INFOPLIST_FILE = YES;
				MARKETING_VERSION = 1.0;
				PRODUCT_BUNDLE_IDENTIFIER = me.MediaManagerUITests;
				PRODUCT_NAME = "$(TARGET_NAME)";
				SWIFT_EMIT_LOC_STRINGS = NO;
				SWIFT_VERSION = 5.0;
				TARGETED_DEVICE_FAMILY = "1,2";
				TEST_TARGET_NAME = MediaManager;
			};
			name = Debug;
		};
		648322AA2ADCA74800AB8CB1 /* Release */ = {
			isa = XCBuildConfiguration;
			buildSettings = {
				ALWAYS_EMBED_SWIFT_STANDARD_LIBRARIES = YES;
				CODE_SIGN_STYLE = Automatic;
				CURRENT_PROJECT_VERSION = 1;
				GENERATE_INFOPLIST_FILE = YES;
				MARKETING_VERSION = 1.0;
				PRODUCT_BUNDLE_IDENTIFIER = me.MediaManagerUITests;
				PRODUCT_NAME = "$(TARGET_NAME)";
				SWIFT_EMIT_LOC_STRINGS = NO;
				SWIFT_VERSION = 5.0;
				TARGETED_DEVICE_FAMILY = "1,2";
				TEST_TARGET_NAME = MediaManager;
			};
			name = Release;
		};
/* End XCBuildConfiguration section */

/* Begin XCConfigurationList section */
		648322792ADCA74500AB8CB1 /* Build configuration list for PBXProject "MediaManager" */ = {
			isa = XCConfigurationList;
			buildConfigurations = (
				648322A02ADCA74800AB8CB1 /* Debug */,
				648322A12ADCA74800AB8CB1 /* Release */,
			);
			defaultConfigurationIsVisible = 0;
			defaultConfigurationName = Release;
		};
		648322A22ADCA74800AB8CB1 /* Build configuration list for PBXNativeTarget "MediaManager" */ = {
			isa = XCConfigurationList;
			buildConfigurations = (
				648322A32ADCA74800AB8CB1 /* Debug */,
				648322A42ADCA74800AB8CB1 /* Release */,
			);
			defaultConfigurationIsVisible = 0;
			defaultConfigurationName = Release;
		};
		648322A52ADCA74800AB8CB1 /* Build configuration list for PBXNativeTarget "MediaManagerTests" */ = {
			isa = XCConfigurationList;
			buildConfigurations = (
				648322A62ADCA74800AB8CB1 /* Debug */,
				648322A72ADCA74800AB8CB1 /* Release */,
			);
			defaultConfigurationIsVisible = 0;
			defaultConfigurationName = Release;
		};
		648322A82ADCA74800AB8CB1 /* Build configuration list for PBXNativeTarget "MediaManagerUITests" */ = {
			isa = XCConfigurationList;
			buildConfigurations = (
				648322A92ADCA74800AB8CB1 /* Debug */,
				648322AA2ADCA74800AB8CB1 /* Release */,
			);
			defaultConfigurationIsVisible = 0;
			defaultConfigurationName = Release;
		};
/* End XCConfigurationList section */
	};
	rootObject = 648322762ADCA74500AB8CB1 /* Project object */;
}
